
Microsoft Visual Studio Solution File, Format Version 12.00
# Visual Studio Version 17
VisualStudioVersion = 17.7.34202.233
MinimumVisualStudioVersion = 10.0.40219.1
Project("{FAE04EC0-301F-11D3-BF4B-00C04F79EFBC}") = "sample-dependency-inject", "sample-dependency-inject\sample-dependency-inject.csproj", "{7CFC774E-73E6-4A9B-9D88-7139E07516F9}"
EndProject
Global
	GlobalSection(SolutionConfigurationPlatforms) = preSolution
		Debug|Any CPU = Debug|Any CPU
		Release|Any CPU = Release|Any CPU
	EndGlobalSection
	GlobalSection(ProjectConfigurationPlatforms) = postSolution
		{7CFC774E-73E6-4A9B-9D88-7139E07516F9}.Debug|Any CPU.ActiveCfg = Debug|Any CPU
		{7CFC774E-73E6-4A9B-9D88-7139E07516F9}.Debug|Any CPU.Build.0 = Debug|Any CPU
		{7CFC774E-73E6-4A9B-9D88-7139E07516F9}.Release|Any CPU.ActiveCfg = Release|Any CPU
		{7CFC774E-73E6-4A9B-9D88-7139E07516F9}.Release|Any CPU.Build.0 = Release|Any CPU
	EndGlobalSection
	GlobalSection(SolutionProperties) = preSolution
		HideSolutionNode = FALSE
	EndGlobalSection
	GlobalSection(ExtensibilityGlobals) = postSolution
		SolutionGuid = {8C8F5705-5459-4C35-8892-43C831A0FF54}
	EndGlobalSection
EndGlobal
